<?xml version="1.0" encoding="UTF-8" standalone="yes" ?>
<CodeBlocks_project_file>
	<FileVersion major="1" minor="6" />
	<Project>
		<Option title="Ej 5" />
		<Option pch_mode="2" />
		<Option compiler="gcc" />
		<Build>
			<Target title="Debug">
				<Option output="bin/Debug/Ej 5" prefix_auto="1" extension_auto="1" />
				<Option object_output="obj/Debug/" />
				<Option type="1" />
				<Option compiler="gcc" />
				<Compiler>
					<Add option="-g" />
				</Compiler>
			</Target>
			<Target title="Release">
				<Option output="bin/Release/Ej 5" prefix_auto="1" extension_auto="1" />
				<Option object_output="obj/Release/" />
				<Option type="1" />
				<Option compiler="gcc" />
				<Compiler>
					<Add option="-O2" />
				</Compiler>
				<Linker>
					<Add option="-s" />
				</Linker>
			</Target>
		</Build>
		<Compiler>
			<Add option="-Wall" />
			<Add option="-fexceptions" />
		</Compiler>
		<Unit filename="common/String.cpp" />
		<Unit filename="common/String.h" />
		<Unit filename="common/duenio.cpp" />
		<Unit filename="common/duenio.h" />
		<Unit filename="common/duenios.cpp" />
		<Unit filename="common/duenios.h" />
		<Unit filename="common/fachada.cpp" />
		<Unit filename="common/fachada.h" />
		<Unit filename="common/iterador.cpp" />
		<Unit filename="common/iterador.h" />
		<Unit filename="common/mascota.cpp" />
		<Unit filename="common/mascota.h" />
		<Unit filename="common/mascotas.cpp" />
		<Unit filename="common/mascotas.h" />
		<Unit filename="common/tipoError.h" />
		<Unit filename="main.cpp" />
		<Extensions>
			<lib_finder disable_auto="1" />
		</Extensions>
	</Project>
</CodeBlocks_project_file>
